
Microsoft Visual Studio Solution File, Format Version 12.00
# Visual Studio Version 17
VisualStudioVersion = 17.7.34031.279
MinimumVisualStudioVersion = 10.0.40219.1
Project("{9A19103F-16F7-4668-BE54-9A1E7A4F7556}") = "Inventory Manager", "Inventory Manager\Inventory Manager.csproj", "{8BA450C1-7CCB-4D7A-BF2E-98A3330B2A1E}"
EndProject
Project("{FAE04EC0-301F-11D3-BF4B-00C04F79EFBC}") = "InventoryDomain", "InventoryDomain\InventoryDomain.csproj", "{1B6505A1-1A5F-4C49-A139-520039394DC6}"
EndProject
Project("{FAE04EC0-301F-11D3-BF4B-00C04F79EFBC}") = "InverntoryData", "InverntoryData\InverntoryData.csproj", "{F9E49E90-3193-4BE5-B221-739E749E0407}"
EndProject
Global
	GlobalSection(SolutionConfigurationPlatforms) = preSolution
		Debug|Any CPU = Debug|Any CPU
		Release|Any CPU = Release|Any CPU
	EndGlobalSection
	GlobalSection(ProjectConfigurationPlatforms) = postSolution
		{8BA450C1-7CCB-4D7A-BF2E-98A3330B2A1E}.Debug|Any CPU.ActiveCfg = Debug|Any CPU
		{8BA450C1-7CCB-4D7A-BF2E-98A3330B2A1E}.Debug|Any CPU.Build.0 = Debug|Any CPU
		{8BA450C1-7CCB-4D7A-BF2E-98A3330B2A1E}.Release|Any CPU.ActiveCfg = Release|Any CPU
		{8BA450C1-7CCB-4D7A-BF2E-98A3330B2A1E}.Release|Any CPU.Build.0 = Release|Any CPU
		{1B6505A1-1A5F-4C49-A139-520039394DC6}.Debug|Any CPU.ActiveCfg = Debug|Any CPU
		{1B6505A1-1A5F-4C49-A139-520039394DC6}.Debug|Any CPU.Build.0 = Debug|Any CPU
		{1B6505A1-1A5F-4C49-A139-520039394DC6}.Release|Any CPU.ActiveCfg = Release|Any CPU
		{1B6505A1-1A5F-4C49-A139-520039394DC6}.Release|Any CPU.Build.0 = Release|Any CPU
		{F9E49E90-3193-4BE5-B221-739E749E0407}.Debug|Any CPU.ActiveCfg = Debug|Any CPU
		{F9E49E90-3193-4BE5-B221-739E749E0407}.Debug|Any CPU.Build.0 = Debug|Any CPU
		{F9E49E90-3193-4BE5-B221-739E749E0407}.Release|Any CPU.ActiveCfg = Release|Any CPU
		{F9E49E90-3193-4BE5-B221-739E749E0407}.Release|Any CPU.Build.0 = Release|Any CPU
	EndGlobalSection
	GlobalSection(SolutionProperties) = preSolution
		HideSolutionNode = FALSE
	EndGlobalSection
	GlobalSection(ExtensibilityGlobals) = postSolution
		SolutionGuid = {F00EA043-78AD-4905-89CE-CF3B02728E58}
	EndGlobalSection
EndGlobal
